version = 1
revision = 3
requires-python = ">=3.14"

[[package]]
name = "jinja2"
version = "3.1.6"
source = { registry = "https://pypi.org/simple" }
dependencies = [
    { name = "markupsafe" },
]
sdist = { url = "https://files.pythonhosted.org/packages/df/bf/f7da0350254c0ed7c72f3e33cef02e048281fec7ecec5f032d4aac52226b/jinja2-3.1.6.tar.gz", hash = "sha256:0137fb05990d35f1275a587e9aee6d56da821fc83491a0fb838183be43f66d6d", size = 245115, upload-time = "2025-03-05T20:05:02.478Z" }
wheels = [
    { url = "https://files.pythonhosted.org/packages/62/a1/3d680cbfd5f4b8f15abc1d571870c5fc3e594bb582bc3b64ea099db13e56/jinja2-3.1.6-py3-none-any.whl", hash = "sha256:85ece4451f492d0c13c5dd7c13a64681a86afae63a5f347908daf103ce6d2f67", size = 134899, upload-time = "2025-03-05T20:05:00.369Z" },
]

[[package]]
name = "linkify-it-py"
version = "2.1.0"
source = { registry = "https://pypi.org/simple" }
dependencies = [
    { name = "uc-micro-py" },
]
sdist = { url = "https://files.pythonhosted.org/packages/2e/c9/06ea13676ef354f0af6169587ae292d3e2406e212876a413bf9eece4eb23/linkify_it_py-2.1.0.tar.gz", hash = "sha256:43360231720999c10e9328dc3691160e27a718e280673d444c38d7d3aaa3b98b", size = 29158, upload-time = "2026-03-01T07:48:47.683Z" }
wheels = [
    { url = "https://files.pythonhosted.org/packages/b4/de/88b3be5c31b22333b3ca2f6ff1de4e863d8fe45aaea7485f591970ec1d3e/linkify_it_py-2.1.0-py3-none-any.whl", hash = "sha256:0d252c1594ecba2ecedc444053db5d3a9b7ec1b0dd929c8f1d74dce89f86c05e", size = 19878, upload-time = "2026-03-01T07:48:46.098Z" },
]

[[package]]
name = "markdown-it-py"
version = "4.2.0"
source = { registry = "https://pypi.org/simple" }
dependencies = [
    { name = "mdurl" },
]
sdist = { url = "https://files.pythonhosted.org/packages/06/ff/7841249c247aa650a76b9ee4bbaeae59370dc8bfd2f6c01f3630c35eb134/markdown_it_py-4.2.0.tar.gz", hash = "sha256:04a21681d6fbb623de53f6f364d352309d4094dd4194040a10fd51833e418d49", size = 82454, upload-time = "2026-05-07T12:08:28.36Z" }
wheels = [
    { url = "https://files.pythonhosted.org/packages/b3/81/4da04ced5a082363ecfa159c010d200ecbd959ae410c10c0264a38cac0f5/markdown_it_py-4.2.0-py3-none-any.whl", hash = "sha256:9f7ebbcd14fe59494226453aed97c1070d83f8d24b6fc3a3bcf9a38092641c4a", size = 91687, upload-time = "2026-05-07T12:08:27.182Z" },
]

[package.optional-dependencies]
linkify = [
    { name = "linkify-it-py" },
]

[[package]]
name = "markupsafe"
version = "3.0.3"
source = { registry = "https://pypi.org/simple" }
sdist = { url = "https://files.pythonhosted.org/packages/7e/99/7690b6d4034fffd95959cbe0c02de8deb3098cc577c67bb6a24fe5d7caa7/markupsafe-3.0.3.tar.gz", hash = "sha256:722695808f4b6457b320fdc131280796bdceb04ab50fe1795cd540799ebe1698", size = 80313, upload-time = "2025-09-27T18:37:40.426Z" }
wheels = [
    { url = "https://files.pythonhosted.org/packages/33/8a/8e42d4838cd89b7dde187011e97fe6c3af66d8c044997d2183fbd6d31352/markupsafe-3.0.3-cp314-cp314-macosx_10_13_x86_64.whl", hash = "sha256:eaa9599de571d72e2daf60164784109f19978b327a3910d3e9de8c97b5b70cfe", size = 11619, upload-time = "2025-09-27T18:37:06.342Z" },
    { url = "https://files.pythonhosted.org/packages/b5/64/7660f8a4a8e53c924d0fa05dc3a55c9cee10bbd82b11c5afb27d44b096ce/markupsafe-3.0.3-cp314-cp314-macosx_11_0_arm64.whl", hash = "sha256:c47a551199eb8eb2121d4f0f15ae0f923d31350ab9280078d1e5f12b249e0026", size = 12029, upload-time = "2025-09-27T18:37:07.213Z" },
    { url = "https://files.pythonhosted.org/packages/da/ef/e648bfd021127bef5fa12e1720ffed0c6cbb8310c8d9bea7266337ff06de/markupsafe-3.0.3-cp314-cp314-manylinux2014_aarch64.manylinux_2_17_aarch64.manylinux_2_28_aarch64.whl", hash = "sha256:f34c41761022dd093b4b6896d4810782ffbabe30f2d443ff5f083e0cbbb8c737", size = 24408, upload-time = "2025-09-27T18:37:09.572Z" },
    { url = "https://files.pythonhosted.org/packages/41/3c/a36c2450754618e62008bf7435ccb0f88053e07592e6028a34776213d877/markupsafe-3.0.3-cp314-cp314-manylinux2014_x86_64.manylinux_2_17_x86_64.manylinux_2_28_x86_64.whl", hash = "sha256:457a69a9577064c05a97c41f4e65148652db078a3a509039e64d3467b9e7ef97", size = 23005, upload-time = "2025-09-27T18:37:10.58Z" },
    { url = "https://files.pythonhosted.org/packages/bc/20/b7fdf89a8456b099837cd1dc21974632a02a999ec9bf7ca3e490aacd98e7/markupsafe-3.0.3-cp314-cp314-manylinux_2_31_riscv64.manylinux_2_39_riscv64.whl", hash = "sha256:e8afc3f2ccfa24215f8cb28dcf43f0113ac3c37c2f0f0806d8c70e4228c5cf4d", size = 22048, upload-time = "2025-09-27T18:37:11.547Z" },
    { url = "https://files.pythonhosted.org/packages/9a/a7/591f592afdc734f47db08a75793a55d7fbcc6902a723ae4cfbab61010cc5/markupsafe-3.0.3-cp314-cp314-musllinux_1_2_aarch64.whl", hash = "sha256:ec15a59cf5af7be74194f7ab02d0f59a62bdcf1a537677ce67a2537c9b87fcda", size = 23821, upload-time = "2025-09-27T18:37:12.48Z" },
    { url = "https://files.pythonhosted.org/packages/7d/33/45b24e4f44195b26521bc6f1a82197118f74df348556594bd2262bda1038/markupsafe-3.0.3-cp314-cp314-musllinux_1_2_riscv64.whl", hash = "sha256:0eb9ff8191e8498cca014656ae6b8d61f39da5f95b488805da4bb029cccbfbaf", size = 21606, upload-time = "2025-09-27T18:37:13.485Z" },
    { url = "https://files.pythonhosted.org/packages/ff/0e/53dfaca23a69fbfbbf17a4b64072090e70717344c52eaaaa9c5ddff1e5f0/markupsafe-3.0.3-cp314-cp314-musllinux_1_2_x86_64.whl", hash = "sha256:2713baf880df847f2bece4230d4d094280f4e67b1e813eec43b4c0e144a34ffe", size = 23043, upload-time = "2025-09-27T18:37:14.408Z" },
    { url = "https://files.pythonhosted.org/packages/46/11/f333a06fc16236d5238bfe74daccbca41459dcd8d1fa952e8fbd5dccfb70/markupsafe-3.0.3-cp314-cp314-win32.whl", hash = "sha256:729586769a26dbceff69f7a7dbbf59ab6572b99d94576a5592625d5b411576b9", size = 14747, upload-time = "2025-09-27T18:37:15.36Z" },
    { url = "https://files.pythonhosted.org/packages/28/52/182836104b33b444e400b14f797212f720cbc9ed6ba34c800639d154e821/markupsafe-3.0.3-cp314-cp314-win_amd64.whl", hash = "sha256:bdc919ead48f234740ad807933cdf545180bfbe9342c2bb451556db2ed958581", size = 15341, upload-time = "2025-09-27T18:37:16.496Z" },
    { url = "https://files.pythonhosted.org/packages/6f/18/acf23e91bd94fd7b3031558b1f013adfa21a8e407a3fdb32745538730382/markupsafe-3.0.3-cp314-cp314-win_arm64.whl", hash = "sha256:5a7d5dc5140555cf21a6fefbdbf8723f06fcd2f63ef108f2854de715e4422cb4", size = 14073, upload-time = "2025-09-27T18:37:17.476Z" },
    { url = "https://files.pythonhosted.org/packages/3c/f0/57689aa4076e1b43b15fdfa646b04653969d50cf30c32a102762be2485da/markupsafe-3.0.3-cp314-cp314t-macosx_10_13_x86_64.whl", hash = "sha256:1353ef0c1b138e1907ae78e2f6c63ff67501122006b0f9abad68fda5f4ffc6ab", size = 11661, upload-time = "2025-09-27T18:37:18.453Z" },
    { url = "https://files.pythonhosted.org/packages/89/c3/2e67a7ca217c6912985ec766c6393b636fb0c2344443ff9d91404dc4c79f/markupsafe-3.0.3-cp314-cp314t-macosx_11_0_arm64.whl", hash = "sha256:1085e7fbddd3be5f89cc898938f42c0b3c711fdcb37d75221de2666af647c175", size = 12069, upload-time = "2025-09-27T18:37:19.332Z" },
    { url = "https://files.pythonhosted.org/packages/f0/00/be561dce4e6ca66b15276e184ce4b8aec61fe83662cce2f7d72bd3249d28/markupsafe-3.0.3-cp314-cp314t-manylinux2014_aarch64.manylinux_2_17_aarch64.manylinux_2_28_aarch64.whl", hash = "sha256:1b52b4fb9df4eb9ae465f8d0c228a00624de2334f216f178a995ccdcf82c4634", size = 25670, upload-time = "2025-09-27T18:37:20.245Z" },
    { url = "https://files.pythonhosted.org/packages/50/09/c419f6f5a92e5fadde27efd190eca90f05e1261b10dbd8cbcb39cd8ea1dc/markupsafe-3.0.3-cp314-cp314t-manylinux2014_x86_64.manylinux_2_17_x86_64.manylinux_2_28_x86_64.whl", hash = "sha256:fed51ac40f757d41b7c48425901843666a6677e3e8eb0abcff09e4ba6e664f50", size = 23598, upload-time = "2025-09-27T18:37:21.177Z" },
    { url = "https://files.pythonhosted.org/packages/22/44/a0681611106e0b2921b3033fc19bc53323e0b50bc70cffdd19f7d679bb66/markupsafe-3.0.3-cp314-cp314t-manylinux_2_31_riscv64.manylinux_2_39_riscv64.whl", hash = "sha256:f190daf01f13c72eac4efd5c430a8de82489d9cff23c364c3ea822545032993e", size = 23261, upload-time = "2025-09-27T18:37:22.167Z" },
    { url = "https://files.pythonhosted.org/packages/5f/57/1b0b3f100259dc9fffe780cfb60d4be71375510e435efec3d116b6436d43/markupsafe-3.0.3-cp314-cp314t-musllinux_1_2_aarch64.whl", hash = "sha256:e56b7d45a839a697b5eb268c82a71bd8c7f6c94d6fd50c3d577fa39a9f1409f5", size = 24835, upload-time = "2025-09-27T18:37:23.296Z" },
    { url = "https://files.pythonhosted.org/packages/26/6a/4bf6d0c97c4920f1597cc14dd720705eca0bf7c787aebc6bb4d1bead5388/markupsafe-3.0.3-cp314-cp314t-musllinux_1_2_riscv64.whl", hash = "sha256:f3e98bb3798ead92273dc0e5fd0f31ade220f59a266ffd8a4f6065e0a3ce0523", size = 22733, upload-time = "2025-09-27T18:37:24.237Z" },
    { url = "https://files.pythonhosted.org/packages/14/c7/ca723101509b518797fedc2fdf79ba57f886b4aca8a7d31857ba3ee8281f/markupsafe-3.0.3-cp314-cp314t-musllinux_1_2_x86_64.whl", hash = "sha256:5678211cb9333a6468fb8d8be0305520aa073f50d17f089b5b4b477ea6e67fdc", size = 23672, upload-time = "2025-09-27T18:37:25.271Z" },
    { url = "https://files.pythonhosted.org/packages/fb/df/5bd7a48c256faecd1d36edc13133e51397e41b73bb77e1a69deab746ebac/markupsafe-3.0.3-cp314-cp314t-win32.whl", hash = "sha256:915c04ba3851909ce68ccc2b8e2cd691618c4dc4c4232fb7982bca3f41fd8c3d", size = 14819, upload-time = "2025-09-27T18:37:26.285Z" },
    { url = "https://files.pythonhosted.org/packages/1a/8a/0402ba61a2f16038b48b39bccca271134be00c5c9f0f623208399333c448/markupsafe-3.0.3-cp314-cp314t-win_amd64.whl", hash = "sha256:4faffd047e07c38848ce017e8725090413cd80cbc23d86e55c587bf979e579c9", size = 15426, upload-time = "2025-09-27T18:37:27.316Z" },
    { url = "https://files.pythonhosted.org/packages/70/bc/6f1c2f612465f5fa89b95bead1f44dcb607670fd42891d8fdcd5d039f4f4/markupsafe-3.0.3-cp314-cp314t-win_arm64.whl", hash = "sha256:32001d6a8fc98c8cb5c947787c5d08b0a50663d139f1305bac5885d98d9b40fa", size = 14146, upload-time = "2025-09-27T18:37:28.327Z" },
]

[[package]]
name = "mdit-py-plugins"
version = "0.6.1"
source = { registry = "https://pypi.org/simple" }
dependencies = [
    { name = "markdown-it-py" },
]
sdist = { url = "https://files.pythonhosted.org/packages/59/fc/f8d0863f8862f25602c0404d75568e89fb6b4109804645e5cdfb1be5cf56/mdit_py_plugins-0.6.1.tar.gz", hash = "sha256:a2bca0f039f39dbd35fb74ae1b5f998608c437463371f0ff7f49a19a17a114d0", size = 56114, upload-time = "2026-05-13T09:03:38.91Z" }
wheels = [
    { url = "https://files.pythonhosted.org/packages/a5/69/6da5581c6a7fede7dc261bf4e67d6adca4196f176b43288b55b3db395b6e/mdit_py_plugins-0.6.1-py3-none-any.whl", hash = "sha256:214c82fb2ac524472ab6a5bcab1de80f73b50443e187f401bfd77efbc7c6481d", size = 66663, upload-time = "2026-05-13T09:03:37.76Z" },
]

[[package]]
name = "mdurl"
version = "0.1.2"
source = { registry = "https://pypi.org/simple" }
sdist = { url = "https://files.pythonhosted.org/packages/d6/54/cfe61301667036ec958cb99bd3efefba235e65cdeb9c84d24a8293ba1d90/mdurl-0.1.2.tar.gz", hash = "sha256:bb413d29f5eea38f31dd4754dd7377d4465116fb207585f97bf925588687c1ba", size = 8729, upload-time = "2022-08-14T12:40:10.846Z" }
wheels = [
    { url = "https://files.pythonhosted.org/packages/b3/38/89ba8ad64ae25be8de66a6d463314cf1eb366222074cfda9ee839c56a4b4/mdurl-0.1.2-py3-none-any.whl", hash = "sha256:84008a41e51615a49fc9966191ff91509e3c40b939176e643fd50a5c2196b8f8", size = 9979, upload-time = "2022-08-14T12:40:09.779Z" },
]

[[package]]
name = "memray"
version = "1.19.3"
source = { registry = "https://pypi.org/simple" }
dependencies = [
    { name = "jinja2" },
    { name = "rich" },
    { name = "textual" },
]
sdist = { url = "https://files.pythonhosted.org/packages/96/04/5b886a36df947599e0f37cd46e6e44e565299815f044e2303ab2ae9f8870/memray-1.19.3.tar.gz", hash = "sha256:4e0fb29ff0a50c0ec9dc84294d8f2c83419feba561a37628b304c2ae4fe73d03", size = 2417089, upload-time = "2026-04-08T18:49:32.409Z" }
wheels = [
    { url = "https://files.pythonhosted.org/packages/fc/d5/36ae02ef5c55cc9d9febb89fb39b78135eaf76d71458703d91cde401142f/memray-1.19.3-cp314-cp314-macosx_10_15_x86_64.whl", hash = "sha256:f62ca641421c0856b38b95c2bc39bdd1493330a94d526efd817d2135a2c1600b", size = 2186101, upload-time = "2026-04-08T18:48:32.663Z" },
    { url = "https://files.pythonhosted.org/packages/e0/e2/b08b27e84fff1ea039508baaac252c3facbd3a81930e1a8108fd3db1dfcb/memray-1.19.3-cp314-cp314-macosx_11_0_arm64.whl", hash = "sha256:a4335e51dac85891434de4de603f58be1296c2fa463dbf4075b7230820c2a58b", size = 2164551, upload-time = "2026-04-08T18:48:34.86Z" },
    { url = "https://files.pythonhosted.org/packages/34/48/3a0422d71f43a361782517f6c0b93bdc32e4b211aaa7290c3038a91f991b/memray-1.19.3-cp314-cp314-manylinux2014_i686.manylinux_2_17_i686.whl", hash = "sha256:03f0e1c3584e19951471413f858b70ecb4f1b5d2e3e4bf0c147c104ac79a8548", size = 9743615, upload-time = "2026-04-08T18:48:36.894Z" },
    { url = "https://files.pythonhosted.org/packages/4b/52/f9ee7911819085e174fe07d1bab27691dc1486be39bded35baebda792069/memray-1.19.3-cp314-cp314-manylinux2014_x86_64.manylinux_2_17_x86_64.whl", hash = "sha256:90e634b79be3c332d0d0ab3e1da6ccce6acd20c5fa847f505230ff49d9450a62", size = 9994310, upload-time = "2026-04-08T18:48:39.588Z" },
    { url = "https://files.pythonhosted.org/packages/aa/64/a1f75b5a105cc325b7719a4ed1690c45e751098d17a45902668fd9e0af67/memray-1.19.3-cp314-cp314-manylinux_2_26_aarch64.manylinux_2_28_aarch64.whl", hash = "sha256:c4be4535a98c2c93c3195a769c342da12564c8bfd4f5056c3527d237845fd354", size = 9386965, upload-time = "2026-04-08T18:48:41.849Z" },
    { url = "https://files.pythonhosted.org/packages/5b/ad/01178b4c2f61b1b64995f0de9ada899f91abe4de67db793df7d428834456/memray-1.19.3-cp314-cp314-musllinux_1_2_x86_64.whl", hash = "sha256:2e3c6433d246063cc33d1ae25104120643492f0750ed5f7ac660d92aba064da6", size = 12238366, upload-time = "2026-04-08T18:48:44.14Z" },
    { url = "https://files.pythonhosted.org/packages/e8/21/8034941ba5aeb9f73e05becc40661af54d548c2047e4058948a3d94acd5d/memray-1.19.3-cp314-cp314t-macosx_10_15_x86_64.whl", hash = "sha256:e034252330961dadfe83ac0f111c9a1d3d8fb8f1358c9b992ed664b6a8b2d2a9", size = 2202163, upload-time = "2026-04-08T18:48:46.689Z" },
    { url = "https://files.pythonhosted.org/packages/c2/62/ba34b1cf5a8c89f6f4b24e8471a6e6e011e50a86a0d697407320eeaf5b65/memray-1.19.3-cp314-cp314t-macosx_11_0_arm64.whl", hash = "sha256:6ee43e6132fd457d0865b6a1d0de3acdb220e897625a32a0d609beaebb8abd20", size = 2181584, upload-time = "2026-04-08T18:48:48.516Z" },
    { url = "https://files.pythonhosted.org/packages/89/f7/901e83b6bf71d968bcfdcd5b081d8c5940ec7b5b9d28d67d5d4027d72529/memray-1.19.3-cp314-cp314t-manylinux2014_i686.manylinux_2_17_i686.whl", hash = "sha256:78eacb4e1c1b66cf7c4dd6dd27b0c88fb4598b63f3096e014d0a2b91ab70fb6f", size = 9706760, upload-time = "2026-04-08T18:48:50.161Z" },
    { url = "https://files.pythonhosted.org/packages/9e/18/a556d0e93d69786edd5c62b8d71bc04f8454b7655b23351a3d95a6d0bc62/memray-1.19.3-cp314-cp314t-manylinux2014_x86_64.manylinux_2_17_x86_64.whl", hash = "sha256:7c33442360bba89fd34c4b985cd505abbf2bbec6a40bdfdf50e1981a4afd9625", size = 9958651, upload-time = "2026-04-08T18:48:52.88Z" },
    { url = "https://files.pythonhosted.org/packages/0a/20/f9fea6a3bb8cbc835567ddf89eb524c6fb4c01130b9a4a2b88e65d0c7aca/memray-1.19.3-cp314-cp314t-manylinux_2_26_aarch64.manylinux_2_28_aarch64.whl", hash = "sha256:63868a883a6ca926ed1e9200a0d8f3bedde6e1af2a8d4b6ef0cf85160a3b28cd", size = 9382102, upload-time = "2026-04-08T18:48:55.787Z" },
    { url = "https://files.pythonhosted.org/packages/41/4a/035e5bdeddbd51a2ba1be53f1fc979268c8ce51640b042db4cbee305849b/memray-1.19.3-cp314-cp314t-musllinux_1_2_x86_64.whl", hash = "sha256:96ee0a76e4ca57e2ad48a8eccc28531503029884a791bb3556cc9ddac74e148d", size = 12162201, upload-time = "2026-04-08T18:48:57.952Z" },
]

[[package]]
name = "numpy"
version = "2.4.6"
source = { registry = "https://pypi.org/simple" }
sdist = { url = "https://files.pythonhosted.org/packages/d0/ad/fed0499ce6a338d2a03ebae59cd15093910c8875328855781952abf6c2fe/numpy-2.4.6.tar.gz", hash = "sha256:f3a3570c4a2a16746ac2c31a7c7c7b0c186b95ce902e33db6f28094ed7387dda", size = 20735807, upload-time = "2026-05-18T23:37:14.07Z" }
wheels = [
    { url = "https://files.pythonhosted.org/packages/f8/91/3ab2044d05fd16d343c5ac2e69b127f1b2854040dd20b193257c78028bd3/numpy-2.4.6-cp314-cp314-macosx_10_15_x86_64.whl", hash = "sha256:06ca2f61ec4385a07a6977c55ba998a4466c123642b4a32694d3128fce18c079", size = 16683458, upload-time = "2026-05-18T23:35:38.353Z" },
    { url = "https://files.pythonhosted.org/packages/8e/62/764ce66fa4147ae6d73071a3abf804ffe606f174618697c571acdf26a7c9/numpy-2.4.6-cp314-cp314-macosx_11_0_arm64.whl", hash = "sha256:38efbc8de75c7a0fc1ac190162d892787f3f47b57cc291231aafee36b80982b7", size = 14704559, upload-time = "2026-05-18T23:35:42.14Z" },
    { url = "https://files.pythonhosted.org/packages/60/61/23f27c172f022e04025b7dc2367f4d63c1a398120607ec896228649a6f48/numpy-2.4.6-cp314-cp314-macosx_14_0_arm64.whl", hash = "sha256:d581b735e177fdcdce6fed8e7e8880a3fb6ee4e3653a3ac6af01c6f4c03effc5", size = 5209716, upload-time = "2026-05-18T23:35:45.377Z" },
    { url = "https://files.pythonhosted.org/packages/03/71/21cf70dc6ea3e3acb95fc53a265b2fc248b981f0194ceb5b475271b8809d/numpy-2.4.6-cp314-cp314-macosx_14_0_x86_64.whl", hash = "sha256:0a041d3d761dc3c35cc56ce0351506a02bcbc25f7b169f652435141a17db9096", size = 6543947, upload-time = "2026-05-18T23:35:47.926Z" },
    { url = "https://files.pythonhosted.org/packages/d5/91/64288395ee1799bd2e0b04a305dce9666da90c961e1f3fe982a05ee1c036/numpy-2.4.6-cp314-cp314-manylinux_2_27_aarch64.manylinux_2_28_aarch64.whl", hash = "sha256:40fdc1ae7125e518ea98e53e69a4ebc27e1fd50510c47b7ea130cf21e5e1d42b", size = 15685197, upload-time = "2026-05-18T23:35:50.863Z" },
    { url = "https://files.pythonhosted.org/packages/f3/eb/ebffaa97dc55502df69584a8f0dcf07f69a3e0b3e2323670a2722db9aa39/numpy-2.4.6-cp314-cp314-manylinux_2_27_x86_64.manylinux_2_28_x86_64.whl", hash = "sha256:a2c306dea656c12c68f51f4cea133cbe78ca7435eb28c735eac1d3ebe73be6e8", size = 16638245, upload-time = "2026-05-18T23:35:54.752Z" },
    { url = "https://files.pythonhosted.org/packages/b8/0b/54f9da33128d7e350fab89c7455902eeae70349ee52bddb448dc4a576f45/numpy-2.4.6-cp314-cp314-musllinux_1_2_aarch64.whl", hash = "sha256:33111801a01c12a8a1e3721f0a9232f8cfc8ae2c6b7098167e6f623c6073f402", size = 17036587, upload-time = "2026-05-18T23:35:58.355Z" },
    { url = "https://files.pythonhosted.org/packages/b6/f0/fdebc1052db1cc37c64beb22072d67cd6d1c71adca1299f53dec2b5e20d3/numpy-2.4.6-cp314-cp314-musllinux_1_2_x86_64.whl", hash = "sha256:ae506e6902902557576a26ff33eda8695e7ecb3cb36c3b573a0765dee114ebdb", size = 18363226, upload-time = "2026-05-18T23:36:02.845Z" },
    { url = "https://files.pythonhosted.org/packages/aa/b4/298628d98c72b57e57f7165ae6a481a1deaf6f3c28262a6e4c739c275930/numpy-2.4.6-cp314-cp314-win32.whl", hash = "sha256:aaf159caa35993cb1f56fb9b8e4610d35758e7ca005412eb1daa856a78c9c4b1", size = 6010196, upload-time = "2026-05-18T23:36:05.92Z" },
    { url = "https://files.pythonhosted.org/packages/df/ac/46de6dda46478f7942f839e094970be2d4a861e005c4b3bf07c92e291a09/numpy-2.4.6-cp314-cp314-win_amd64.whl", hash = "sha256:b507f5c4c1d508876d1819b6bf9a49d365b96320b5d4993426b33a23ca4b8261", size = 12450334, upload-time = "2026-05-18T23:36:09.107Z" },
    { url = "https://files.pythonhosted.org/packages/78/92/b8b798ac784102c0da830d2257d59358e3d3d90d1e2b3f2575dad976c5cf/numpy-2.4.6-cp314-cp314-win_arm64.whl", hash = "sha256:6f41ae150c4e32db4f3310cdaf64b1593a03dbabe29eec77fc9b50fe64061df6", size = 10495678, upload-time = "2026-05-18T23:36:12.766Z" },
    { url = "https://files.pythonhosted.org/packages/30/34/ec28d1aa8115971537c01469ab2011ee96827930f0a124de1000cc2a7ed7/numpy-2.4.6-cp314-cp314t-macosx_11_0_arm64.whl", hash = "sha256:ece3d2cfe132e7d51f44a832b303895e6f2d499c5e74dfbdb06ee246147a304a", size = 14823672, upload-time = "2026-05-18T23:36:16.473Z" },
    { url = "https://files.pythonhosted.org/packages/16/bd/f6d1fede4e54e8042a7ff97bb495510f3c220f94bcd9e8b228e87c92cc0d/numpy-2.4.6-cp314-cp314t-macosx_14_0_arm64.whl", hash = "sha256:e3e5193ef5a3dc73bceee50f7fdc2c90dbb76c42df8d8fae3d1067a583df579e", size = 5328731, upload-time = "2026-05-18T23:36:19.767Z" },
    { url = "https://files.pythonhosted.org/packages/f4/f0/e105b9e2fd728a9910103884decd6951d9dd73896b914a98d9a231de02ee/numpy-2.4.6-cp314-cp314t-macosx_14_0_x86_64.whl", hash = "sha256:17f9ade344e7d9b464a084d69bcf18fc691cb1db67c62ed80820bf4926d78f0e", size = 6649805, upload-time = "2026-05-18T23:36:22.266Z" },
    { url = "https://files.pythonhosted.org/packages/82/dd/1206a7ca6ab15e3f02069707ca96222e202af681bb73756da7527f3cb837/numpy-2.4.6-cp314-cp314t-manylinux_2_27_aarch64.manylinux_2_28_aarch64.whl", hash = "sha256:9cd5ffd25db4e7ba6a375693b3fc0fc1791ec636c17db3720da19bde7180ec43", size = 15730496, upload-time = "2026-05-18T23:36:25.713Z" },
    { url = "https://files.pythonhosted.org/packages/51/e7/38d3ea825dcab85a591734decb2f6c67caa7c8367d374df1a1c3842f9b07/numpy-2.4.6-cp314-cp314t-manylinux_2_27_x86_64.manylinux_2_28_x86_64.whl", hash = "sha256:7d92c3819208a60205a12a245c91ad70cb0a85336659b19b834205573ac8456e", size = 16679616, upload-time = "2026-05-18T23:36:29.652Z" },
    { url = "https://files.pythonhosted.org/packages/93/b7/caabfdf53edf663e0b4eb74d7d405d83baef09eb5e83bcd32d601d72b93e/numpy-2.4.6-cp314-cp314t-musllinux_1_2_aarch64.whl", hash = "sha256:e85b752a1e912b70eaad4fafbd4d1238007ab221de2009b9a2f5ae7461239895", size = 17085145, upload-time = "2026-05-18T23:36:33.449Z" },
    { url = "https://files.pythonhosted.org/packages/f9/45/68d7c33a6bcf3e5aa3bdbd57a367e6f615286dfd6482f97e8ffeb734306e/numpy-2.4.6-cp314-cp314t-musllinux_1_2_x86_64.whl", hash = "sha256:29cb7f67d10b479ff07c17d33e39f78c07f71c40ef30d63c153d340e96cd3fb4", size = 18403813, upload-time = "2026-05-18T23:36:37.369Z" },
    { url = "https://files.pythonhosted.org/packages/9c/50/0753655aa844c99cd9e018aacf76f130f1bd81d881bb74bc0aef5d73a8ba/numpy-2.4.6-cp314-cp314t-win32.whl", hash = "sha256:260a5d70215b61ab4fadf5c7baacd64821842975eea312125ed3c39a6391b063", size = 6156982, upload-time = "2026-05-18T23:36:40.817Z" },
    { url = "https://files.pythonhosted.org/packages/b2/d4/7c67becf668f973cb490cec3e98dfd799d866f9c989a54d355672cfa0db6/numpy-2.4.6-cp314-cp314t-win_amd64.whl", hash = "sha256:81a1cca95ed5bb92aa8b10dd2cdc9a0d3853a50fad926c28b5d7e8ea54389627", size = 12638908, upload-time = "2026-05-18T23:36:43.996Z" },
    { url = "https://files.pythonhosted.org/packages/43/bb/e1c71a4295b1b1d1393d50dbb4f2a36283c6859d9d3892e84f00ec5a91d5/numpy-2.4.6-cp314-cp314t-win_arm64.whl", hash = "sha256:0c9136e14ed34a9e343a31c533d78a9813a69a3148332bce5e9821cb2f996e66", size = 10565867, upload-time = "2026-05-18T23:36:47.114Z" },
]

[[package]]
name = "objprint"
version = "0.3.0"
source = { registry = "https://pypi.org/simple" }
sdist = { url = "https://files.pythonhosted.org/packages/81/b8/c10e96120f1585824a1992655334b49da3924edfb364e84a26cc0ecdb89b/objprint-0.3.0.tar.gz", hash = "sha256:b5d83f9d62db5b95353bb42959106e1cd43010dcaa3eed1ad8d7d0b2df9b2d5a", size = 47481, upload-time = "2024-11-09T00:05:16.73Z" }
wheels = [
    { url = "https://files.pythonhosted.org/packages/ec/af/572825252f16f36eeecbc8e3b721913d2640d69b984fdb8907aa8b4b0975/objprint-0.3.0-py3-none-any.whl", hash = "sha256:489083bfc8baf0526f8fd6af74673799511532636f0ce4141133255ded773405", size = 41619, upload-time = "2024-11-09T00:05:14.852Z" },
]

[[package]]
name = "platformdirs"
version = "4.9.6"
source = { registry = "https://pypi.org/simple" }
sdist = { url = "https://files.pythonhosted.org/packages/9f/4a/0883b8e3802965322523f0b200ecf33d31f10991d0401162f4b23c698b42/platformdirs-4.9.6.tar.gz", hash = "sha256:3bfa75b0ad0db84096ae777218481852c0ebc6c727b3168c1b9e0118e458cf0a", size = 29400, upload-time = "2026-04-09T00:04:10.812Z" }
wheels = [
    { url = "https://files.pythonhosted.org/packages/75/a6/a0a304dc33b49145b21f4808d763822111e67d1c3a32b524a1baf947b6e1/platformdirs-4.9.6-py3-none-any.whl", hash = "sha256:e61adb1d5e5cb3441b4b7710bea7e4c12250ca49439228cc1021c00dcfac0917", size = 21348, upload-time = "2026-04-09T00:04:09.463Z" },
]

[[package]]
name = "pygments"
version = "2.20.0"
source = { registry = "https://pypi.org/simple" }
sdist = { url = "https://files.pythonhosted.org/packages/c3/b2/bc9c9196916376152d655522fdcebac55e66de6603a76a02bca1b6414f6c/pygments-2.20.0.tar.gz", hash = "sha256:6757cd03768053ff99f3039c1a36d6c0aa0b263438fcab17520b30a303a82b5f", size = 4955991, upload-time = "2026-03-29T13:29:33.898Z" }
wheels = [
    { url = "https://files.pythonhosted.org/packages/f4/7e/a72dd26f3b0f4f2bf1dd8923c85f7ceb43172af56d63c7383eb62b332364/pygments-2.20.0-py3-none-any.whl", hash = "sha256:81a9e26dd42fd28a23a2d169d86d7ac03b46e2f8b59ed4698fb4785f946d0176", size = 1231151, upload-time = "2026-03-29T13:29:30.038Z" },
]

[[package]]
name = "python"
version = "0.1.0"
source = { virtual = "." }
dependencies = [
    { name = "memray" },
    { name = "numpy" },
    { name = "ruff" },
    { name = "viztracer" },
]

[package.metadata]
requires-dist = [
    { name = "memray", specifier = ">=1.19.3" },
    { name = "numpy", specifier = ">=2.4.6" },
    { name = "ruff", specifier = ">=0.15.14" },
    { name = "viztracer", specifier = ">=1.1.1" },
]

[[package]]
name = "rich"
version = "15.0.0"
source = { registry = "https://pypi.org/simple" }
dependencies = [
    { name = "markdown-it-py" },
    { name = "pygments" },
]
sdist = { url = "https://files.pythonhosted.org/packages/c0/8f/0722ca900cc807c13a6a0c696dacf35430f72e0ec571c4275d2371fca3e9/rich-15.0.0.tar.gz", hash = "sha256:edd07a4824c6b40189fb7ac9bc4c52536e9780fbbfbddf6f1e2502c31b068c36", size = 230680, upload-time = "2026-04-12T08:24:00.75Z" }
wheels = [
    { url = "https://files.pythonhosted.org/packages/82/3b/64d4899d73f91ba49a8c18a8ff3f0ea8f1c1d75481760df8c68ef5235bf5/rich-15.0.0-py3-none-any.whl", hash = "sha256:33bd4ef74232fb73fe9279a257718407f169c09b78a87ad3d296f548e27de0bb", size = 310654, upload-time = "2026-04-12T08:24:02.83Z" },
]

[[package]]
name = "ruff"
version = "0.15.14"
source = { registry = "https://pypi.org/simple" }
sdist = { url = "https://files.pythonhosted.org/packages/dc/8a/8bce2894573e9dae6ff4d77fe34ad727d79b9e6238ad288c5638990d90f6/ruff-0.15.14.tar.gz", hash = "sha256:48e866b165be4a9bdbf310f7d3c9a07edef2fe8cd63ffeb4e00bb590506ebf9f", size = 4700910, upload-time = "2026-05-21T14:34:55.177Z" }
wheels = [
    { url = "https://files.pythonhosted.org/packages/b9/c8/74a92c6ff9fcfb4f1f947126d3ebee8389276e161ecc85de5bda7cda51bd/ruff-0.15.14-py3-none-linux_armv6l.whl", hash = "sha256:8dd2db9416e487c8d4b01fa7056bb02c4d05969d4f8d17a08c229c2f4ff3c108", size = 10739177, upload-time = "2026-05-21T14:34:37.332Z" },
    { url = "https://files.pythonhosted.org/packages/45/91/254a35c20acc38a7223c9d2d594af12e794432464f2cdeb52af1dc4a892d/ruff-0.15.14-py3-none-macosx_10_12_x86_64.whl", hash = "sha256:be4ff55af755bd71a00ab3dc6bd7ffc467bd76e0df6881e286c2e3d23e8fb43b", size = 11144969, upload-time = "2026-05-21T14:34:43.978Z" },
    { url = "https://files.pythonhosted.org/packages/56/9e/d13e40f83b8d0a94430e6778ce1d94a43b38cf2efe63278bdd2b4c65abbf/ruff-0.15.14-py3-none-macosx_11_0_arm64.whl", hash = "sha256:48d5909d7d06276ce7dde6d32bfa4b0d4cb2651145cd8ee4b440722cbc77832f", size = 10478207, upload-time = "2026-05-21T14:34:48.378Z" },
    { url = "https://files.pythonhosted.org/packages/8d/f1/b15a7839fa4f332f8acec78e20564f26bb2d866e3d21710b877fd0263000/ruff-0.15.14-py3-none-manylinux_2_17_aarch64.manylinux2014_aarch64.whl", hash = "sha256:ca8cbfa94c4f90984a67561978602746d4cd27103568f745fa90eee3f0d4107d", size = 10818459, upload-time = "2026-05-21T14:34:22.318Z" },
    { url = "https://files.pythonhosted.org/packages/45/33/53d651177f84f94b400a0e27f8824eeada3dddc9d5ee8aeb048f4352a520/ruff-0.15.14-py3-none-manylinux_2_17_armv7l.manylinux2014_armv7l.whl", hash = "sha256:9a6bbc0333f1ab053423bcbf6226477d266ca7cec7738c4c8e3f55647803f3c4", size = 10541800, upload-time = "2026-05-21T14:34:20.209Z" },
    { url = "https://files.pythonhosted.org/packages/b8/a6/868f87e0bf9786ed24b5d0d0ad8676b8a94fd1912f42cddf9cfc7857818a/ruff-0.15.14-py3-none-manylinux_2_17_i686.manylinux2014_i686.whl", hash = "sha256:8a24a4f7605d7003a6674d4387651effd939dead3fddd0f36561eb77a9a2e542", size = 11342149, upload-time = "2026-05-21T14:34:46.365Z" },
    { url = "https://files.pythonhosted.org/packages/a7/8b/38cd5c19faffdcc05a408d2b78edccc69492ab9720eadb49ea15ef80d768/ruff-0.15.14-py3-none-manylinux_2_17_ppc64le.manylinux2014_ppc64le.whl", hash = "sha256:049b5326e53ed80978f2fc041a280603f69dd6b0c95464342a2bb4572d9d9e2f", size = 12212563, upload-time = "2026-05-21T14:34:28.579Z" },
    { url = "https://files.pythonhosted.org/packages/3e/4d/a3c5b874a556d5731e3e657aaf04311bb76f0a5c3ec220ed43051be6b64b/ruff-0.15.14-py3-none-manylinux_2_17_s390x.manylinux2014_s390x.whl", hash = "sha256:d4ed42e6696c8dfa5f06728e6441993901f548eb92d73bc472cb5a38d1395fbf", size = 11493299, upload-time = "2026-05-21T14:34:41.836Z" },
    { url = "https://files.pythonhosted.org/packages/1e/c0/56472c251d09858a53e51efbd485b09e1995d8731668b76d52e5dd6ee0f1/ruff-0.15.14-py3-none-manylinux_2_17_x86_64.manylinux2014_x86_64.whl", hash = "sha256:715c543cf450c4888251f91c52f1942a800541d9bddd7ac060aa4e6b77ae7cba", size = 11455931, upload-time = "2026-05-21T14:34:57.276Z" },
    { url = "https://files.pythonhosted.org/packages/2c/4a/e2e7b4d8dbf233d4eace59c75bc3435fa6d8bd3bae82d351d4e4300c0fd1/ruff-0.15.14-py3-none-manylinux_2_31_riscv64.whl", hash = "sha256:72ebab6013ec887d439d8b7593737a0a4ffb06d45d209d4e4bf2e92813082d3f", size = 11400794, upload-time = "2026-05-21T14:34:39.773Z" },
    { url = "https://files.pythonhosted.org/packages/97/c7/83c0539fe34c3e09136204d1e75d6052492364e0b3cb05e9465423f567d7/ruff-0.15.14-py3-none-musllinux_1_2_aarch64.whl", hash = "sha256:49072d36abdbe97a8dd7f480afe9c675699c0c495d4c84076e2c1203c4550581", size = 10804759, upload-time = "2026-05-21T14:34:31.045Z" },
    { url = "https://files.pythonhosted.org/packages/86/a6/18f2bfc095a2ab4a78745644e428205532ce6653a5d0fa8501572891534d/ruff-0.15.14-py3-none-musllinux_1_2_armv7l.whl", hash = "sha256:958522aee105068640c2c2ceae08f413ae44d922f52a1374ac13d6a96032fc93", size = 10539517, upload-time = "2026-05-21T14:34:53.064Z" },
    { url = "https://files.pythonhosted.org/packages/54/3a/5a8b3b69c654d4e4bf1d246ac5b49cbcdac6eaab6905925f8915f31e3b80/ruff-0.15.14-py3-none-musllinux_1_2_i686.whl", hash = "sha256:f3707da619a143a2e8830e2abab8224478d69ace2d28cb6c20543ae97c36bf61", size = 11065169, upload-time = "2026-05-21T14:34:24.484Z" },
    { url = "https://files.pythonhosted.org/packages/ed/c5/8864e4e7925b836ea354b31d57641ec03830564e281a8b6f061f8c3e0ec1/ruff-0.15.14-py3-none-musllinux_1_2_x86_64.whl", hash = "sha256:bb01d645694e3ec0102105d07ef2d53703970407d59c04e59d3ba0b7a1d53553", size = 11560214, upload-time = "2026-05-21T14:34:50.975Z" },
    { url = "https://files.pythonhosted.org/packages/36/38/012bf76752e1f89ed50b77b99532d90f3a3e287bc7918e1fc0948ac866ac/ruff-0.15.14-py3-none-win32.whl", hash = "sha256:6d0c1ad2a0ab718d39b6d8fd2217981ce4d625cd96a720095f798fb47d8b13e6", size = 10805548, upload-time = "2026-05-21T14:34:33.453Z" },
    { url = "https://files.pythonhosted.org/packages/d1/b7/4ea2c170f10ad760fff2a5250beb18897719dc8b52b53a24cddbb9dd3f19/ruff-0.15.14-py3-none-win_amd64.whl", hash = "sha256:802342981e056db3851a7836e5b070f8f15f67d4a685ae2a6160939d364b2902", size = 11939523, upload-time = "2026-05-21T14:34:18.077Z" },
    { url = "https://files.pythonhosted.org/packages/62/d5/bc97ff895ec35cf3925d4bd60f3b39d822f377a446906ec9bcc87405e59b/ruff-0.15.14-py3-none-win_arm64.whl", hash = "sha256:ff47b90a9ef6a40c9e2f3b479c1fb78531adf055b94c1eba0a7ba04b31951826", size = 11208607, upload-time = "2026-05-21T14:34:26.525Z" },
]

[[package]]
name = "textual"
version = "8.2.7"
source = { registry = "https://pypi.org/simple" }
dependencies = [
    { name = "markdown-it-py", extra = ["linkify"] },
    { name = "mdit-py-plugins" },
    { name = "platformdirs" },
    { name = "pygments" },
    { name = "rich" },
    { name = "typing-extensions" },
]
sdist = { url = "https://files.pythonhosted.org/packages/9b/7a/c519db0aba5024f86e71e9631810bfdd6866ed2c8695bd7fa34b90e7ef59/textual-8.2.7.tar.gz", hash = "sha256:658f568ff81e30ed43890c3e07520390e5cf1b4763822006e060656b0a88f105", size = 1859249, upload-time = "2026-05-19T10:52:49.531Z" }
wheels = [
    { url = "https://files.pythonhosted.org/packages/a8/f5/c1e18bc0707300a0e90204343abbf7d7acd6fb7ebe03a6d4893b99a234b8/textual-8.2.7-py3-none-any.whl", hash = "sha256:4caaa13a90bc4cf9c6c862c067ccd34fe84e9c161710a2a907a8026313b6bd73", size = 731129, upload-time = "2026-05-19T10:52:51.773Z" },
]

[[package]]
name = "typing-extensions"
version = "4.15.0"
source = { registry = "https://pypi.org/simple" }
sdist = { url = "https://files.pythonhosted.org/packages/72/94/1a15dd82efb362ac84269196e94cf00f187f7ed21c242792a923cdb1c61f/typing_extensions-4.15.0.tar.gz", hash = "sha256:0cea48d173cc12fa28ecabc3b837ea3cf6f38c6d1136f85cbaaf598984861466", size = 109391, upload-time = "2025-08-25T13:49:26.313Z" }
wheels = [
    { url = "https://files.pythonhosted.org/packages/18/67/36e9267722cc04a6b9f15c7f3441c2363321a3ea07da7ae0c0707beb2a9c/typing_extensions-4.15.0-py3-none-any.whl", hash = "sha256:f0fa19c6845758ab08074a0cfa8b7aecb71c999ca73d62883bc25cc018c4e548", size = 44614, upload-time = "2025-08-25T13:49:24.86Z" },
]

[[package]]
name = "uc-micro-py"
version = "2.0.0"
source = { registry = "https://pypi.org/simple" }
sdist = { url = "https://files.pythonhosted.org/packages/78/67/9a363818028526e2d4579334460df777115bdec1bb77c08f9db88f6389f2/uc_micro_py-2.0.0.tar.gz", hash = "sha256:c53691e495c8db60e16ffc4861a35469b0ba0821fe409a8a7a0a71864d33a811", size = 6611, upload-time = "2026-03-01T06:31:27.526Z" }
wheels = [
    { url = "https://files.pythonhosted.org/packages/61/73/d21edf5b204d1467e06500080a50f79d49ef2b997c79123a536d4a17d97c/uc_micro_py-2.0.0-py3-none-any.whl", hash = "sha256:3603a3859af53e5a39bc7677713c78ea6589ff188d70f4fee165db88e22b242c", size = 6383, upload-time = "2026-03-01T06:31:26.257Z" },
]

[[package]]
name = "viztracer"
version = "1.1.1"
source = { registry = "https://pypi.org/simple" }
dependencies = [
    { name = "objprint" },
]
sdist = { url = "https://files.pythonhosted.org/packages/9c/ab/94ae463cd4e386f143e3520a274856c4f2b4858d7ae30aa223ae25e9a2e5/viztracer-1.1.1.tar.gz", hash = "sha256:dcd4b5ddcc3a40ee79a584406d984cb4d40bc3301a6c9015d8949d4445fe9346", size = 15667892, upload-time = "2025-11-11T00:03:17.751Z" }
wheels = [
    { url = "https://files.pythonhosted.org/packages/d5/d7/c6f6757591a4aa24882edb0bc00c86839a6feedc9beb35909e21cd13c68f/viztracer-1.1.1-cp314-cp314-macosx_11_0_arm64.whl", hash = "sha256:b21a400091d549bf42ccd68045799406117dfdd4a5d4aeeb17cd281f7d8b7792", size = 15737837, upload-time = "2025-11-11T00:02:50.121Z" },
    { url = "https://files.pythonhosted.org/packages/9f/34/3ee13e0c7b10163f3da9b5fecd21a3450679f3440c10d7e3f7ebabfa2cc3/viztracer-1.1.1-cp314-cp314-macosx_11_0_x86_64.whl", hash = "sha256:764230fde61aa8455b2f984dce7187c30827c557de821e13b4b3f49b85c36219", size = 15736900, upload-time = "2025-11-11T00:02:52.571Z" },
    { url = "https://files.pythonhosted.org/packages/5d/db/bde529061a0b345354642809d12b18b68401054d6286651b1b0ef81eeff9/viztracer-1.1.1-cp314-cp314-manylinux2014_aarch64.manylinux_2_17_aarch64.manylinux_2_28_aarch64.whl", hash = "sha256:a28d08a3b68e71d4b12dda0eefbb13cdbf0b6bf38f9f1fd402731ebbcb81a03c", size = 15856038, upload-time = "2025-11-11T00:02:55.15Z" },
    { url = "https://files.pythonhosted.org/packages/a3/4a/61fb597bb114f5869f02cca49d146e25ec87bf4d27d8d4db492b4ead01b5/viztracer-1.1.1-cp314-cp314-manylinux2014_x86_64.manylinux_2_17_x86_64.manylinux_2_28_x86_64.whl", hash = "sha256:cc3a40aeae924d3d0d5e3e48553316672da95773908a3164a8af56a231ce8d9c", size = 15863381, upload-time = "2025-11-11T00:02:57.208Z" },
    { url = "https://files.pythonhosted.org/packages/45/2d/47bcab07966c17750aebe3ba4e936d982a634c529776a919e8f21d3d5c80/viztracer-1.1.1-cp314-cp314-win32.whl", hash = "sha256:af54f311c86e523258d590f9d1a9ba5066ce59f759afc75a7f0e44a833b5a52f", size = 16022916, upload-time = "2025-11-11T00:02:59.278Z" },
    { url = "https://files.pythonhosted.org/packages/db/f4/423490c67345323e87d0bf932c280f015b7b7419d232af97ba8503ebd145/viztracer-1.1.1-cp314-cp314-win_amd64.whl", hash = "sha256:4368a9ed0dc24c33d0249b432b90992a7987b80a2f4c9ae4dd5c89be248bfce3", size = 16025505, upload-time = "2025-11-11T00:03:01.57Z" },
    { url = "https://files.pythonhosted.org/packages/5e/f1/b0f4a67c82d9dd97da991dae06daca817e8af86fd05f0ce21661ef158701/viztracer-1.1.1-cp314-cp314t-macosx_11_0_arm64.whl", hash = "sha256:b0fb8fd937eaf9af43a64dbcfb27d8b7776d4fb26ac4e6c71c02901e485cbb6e", size = 15740556, upload-time = "2025-11-11T00:03:04.163Z" },
    { url = "https://files.pythonhosted.org/packages/1e/92/970464370c009edf4e13637efd56f4f3355916d0087738902b463e0f1200/viztracer-1.1.1-cp314-cp314t-macosx_11_0_x86_64.whl", hash = "sha256:a68299ad6570e4f1d5e389aadd6ab05d7c473b751326feebdc5326bd835ddd03", size = 15739794, upload-time = "2025-11-11T00:03:06.24Z" },
    { url = "https://files.pythonhosted.org/packages/98/b2/d030f0f95009fa3705f0765559f8b4203c3832635d83aed17f636fed324d/viztracer-1.1.1-cp314-cp314t-manylinux2014_aarch64.manylinux_2_17_aarch64.manylinux_2_28_aarch64.whl", hash = "sha256:3f083779f7a4e6f55a4d5992973db83eca4f0cd660addb925960b61b1eea2539", size = 15905552, upload-time = "2025-11-11T00:03:08.342Z" },
    { url = "https://files.pythonhosted.org/packages/f1/89/957d4a14852ad8c38bcb99878e2c189652221afed41e83333167b2370d24/viztracer-1.1.1-cp314-cp314t-manylinux2014_x86_64.manylinux_2_17_x86_64.manylinux_2_28_x86_64.whl", hash = "sha256:b4c17277e4269356aa636e9eda8bac728768e61720c4667d4c5a877fa30ad511", size = 15907141, upload-time = "2025-11-11T00:03:10.753Z" },
    { url = "https://files.pythonhosted.org/packages/39/71/23e71a95df5f0ba62a52d1bdecf4c3d0b273b0ae846766e650ac04e6b405/viztracer-1.1.1-cp314-cp314t-win32.whl", hash = "sha256:d57c7baa0446014423fde269ae7c4043dc1417b63882dc0c7fe24d2ec06a5638", size = 16027218, upload-time = "2025-11-11T00:03:12.941Z" },
    { url = "https://files.pythonhosted.org/packages/5e/69/4f45a175fa8437ffff8115452e5b89131b8e4702927aa16f52f115fea992/viztracer-1.1.1-cp314-cp314t-win_amd64.whl", hash = "sha256:f9c3d6c7a1f0c3c84a9b34ee6695dc5c3609e69118afce5f45f291b0ed3597eb", size = 16030505, upload-time = "2025-11-11T00:03:15.447Z" },
]
